
Microsoft Visual Studio Solution File, Format Version 12.00
# Visual Studio 15
VisualStudioVersion = 15.0.28010.0
MinimumVisualStudioVersion = 10.0.40219.1
Project("{FAE04EC0-301F-11D3-BF4B-00C04F79EFBC}") = "UNiDAYS Discounts Coding Challenge", "UNiDAYS Discounts Coding Challenge\UNiDAYS Discounts Coding Challenge.csproj", "{463D94F9-3FF0-45DE-9034-D1AA23A7105E}"
EndProject
Global
	GlobalSection(SolutionConfigurationPlatforms) = preSolution
		Debug|Any CPU = Debug|Any CPU
		Release|Any CPU = Release|Any CPU
	EndGlobalSection
	GlobalSection(ProjectConfigurationPlatforms) = postSolution
		{463D94F9-3FF0-45DE-9034-D1AA23A7105E}.Debug|Any CPU.ActiveCfg = Debug|Any CPU
		{463D94F9-3FF0-45DE-9034-D1AA23A7105E}.Debug|Any CPU.Build.0 = Debug|Any CPU
		{463D94F9-3FF0-45DE-9034-D1AA23A7105E}.Release|Any CPU.ActiveCfg = Release|Any CPU
		{463D94F9-3FF0-45DE-9034-D1AA23A7105E}.Release|Any CPU.Build.0 = Release|Any CPU
	EndGlobalSection
	GlobalSection(SolutionProperties) = preSolution
		HideSolutionNode = FALSE
	EndGlobalSection
	GlobalSection(ExtensibilityGlobals) = postSolution
		SolutionGuid = {B3B183B7-AACA-4171-8222-231FA5CCD3B2}
	EndGlobalSection
EndGlobal
